
Microsoft Visual Studio Solution File, Format Version 12.00
# Visual Studio Version 16
VisualStudioVersion = 16.0.30523.141
MinimumVisualStudioVersion = 10.0.40219.1
Project("{9A19103F-16F7-4668-BE54-9A1E7A4F7556}") = "NearestNeighborsSpamFilter.App.Infrastructure", "NearestNeighborsSpamFilter.App.Infrastructure\NearestNeighborsSpamFilter.App.Infrastructure.csproj", "{8B74E380-A98E-4EEB-8E81-D913EC75322A}"
EndProject
Project("{9A19103F-16F7-4668-BE54-9A1E7A4F7556}") = "NearestNeighborsSpamFilter.App.Shared", "NearestNeighborsSpamFilter.App.Shared\NearestNeighborsSpamFilter.App.Shared.csproj", "{A06DC06D-F9BE-458D-AAB6-0D3851616801}"
EndProject
Project("{FAE04EC0-301F-11D3-BF4B-00C04F79EFBC}") = "NearestNeighborsSpamFilter.App.Domain", "NearestNeighborsSpamFilter.App.Domain\NearestNeighborsSpamFilter.App.Domain.csproj", "{F0FEE487-1CB8-4C74-855A-D4EEB64AA1F9}"
EndProject
Project("{FAE04EC0-301F-11D3-BF4B-00C04F79EFBC}") = "NearestNeighborsSpamFilter.App.Domain.Interfaces", "NearestNeighborsSpamFilter.App.Domain.Interfaces\NearestNeighborsSpamFilter.App.Domain.Interfaces.csproj", "{476D3E15-FD1A-4DA6-8FD9-6A929102EE61}"
EndProject
Global
	GlobalSection(SolutionConfigurationPlatforms) = preSolution
		Debug|Any CPU = Debug|Any CPU
		Release|Any CPU = Release|Any CPU
	EndGlobalSection
	GlobalSection(ProjectConfigurationPlatforms) = postSolution
		{8B74E380-A98E-4EEB-8E81-D913EC75322A}.Debug|Any CPU.ActiveCfg = Debug|Any CPU
		{8B74E380-A98E-4EEB-8E81-D913EC75322A}.Debug|Any CPU.Build.0 = Debug|Any CPU
		{8B74E380-A98E-4EEB-8E81-D913EC75322A}.Release|Any CPU.ActiveCfg = Release|Any CPU
		{8B74E380-A98E-4EEB-8E81-D913EC75322A}.Release|Any CPU.Build.0 = Release|Any CPU
		{A06DC06D-F9BE-458D-AAB6-0D3851616801}.Debug|Any CPU.ActiveCfg = Debug|Any CPU
		{A06DC06D-F9BE-458D-AAB6-0D3851616801}.Debug|Any CPU.Build.0 = Debug|Any CPU
		{A06DC06D-F9BE-458D-AAB6-0D3851616801}.Release|Any CPU.ActiveCfg = Release|Any CPU
		{A06DC06D-F9BE-458D-AAB6-0D3851616801}.Release|Any CPU.Build.0 = Release|Any CPU
		{F0FEE487-1CB8-4C74-855A-D4EEB64AA1F9}.Debug|Any CPU.ActiveCfg = Debug|Any CPU
		{F0FEE487-1CB8-4C74-855A-D4EEB64AA1F9}.Debug|Any CPU.Build.0 = Debug|Any CPU
		{F0FEE487-1CB8-4C74-855A-D4EEB64AA1F9}.Release|Any CPU.ActiveCfg = Release|Any CPU
		{F0FEE487-1CB8-4C74-855A-D4EEB64AA1F9}.Release|Any CPU.Build.0 = Release|Any CPU
		{476D3E15-FD1A-4DA6-8FD9-6A929102EE61}.Debug|Any CPU.ActiveCfg = Debug|Any CPU
		{476D3E15-FD1A-4DA6-8FD9-6A929102EE61}.Debug|Any CPU.Build.0 = Debug|Any CPU
		{476D3E15-FD1A-4DA6-8FD9-6A929102EE61}.Release|Any CPU.ActiveCfg = Release|Any CPU
		{476D3E15-FD1A-4DA6-8FD9-6A929102EE61}.Release|Any CPU.Build.0 = Release|Any CPU
	EndGlobalSection
	GlobalSection(SolutionProperties) = preSolution
		HideSolutionNode = FALSE
	EndGlobalSection
	GlobalSection(ExtensibilityGlobals) = postSolution
		SolutionGuid = {BD3A9F61-60F0-4622-B14C-5BEE09F0CFAB}
	EndGlobalSection
EndGlobal
