
Microsoft Visual Studio Solution File, Format Version 12.00
# Visual Studio Version 16
VisualStudioVersion = 16.0.30523.141
MinimumVisualStudioVersion = 10.0.40219.1
Project("{00D1A9C2-B5F0-4AF3-8072-F6C62B433612}") = "NearestNeighborsSpamFilter.Database.Generation", "NearestNeighborsSpamFilter.Database.Generation\NearestNeighborsSpamFilter.Database.Generation.sqlproj", "{58C4D8AE-5907-437D-BEB0-9A42909063A7}"
EndProject
Global
	GlobalSection(SolutionConfigurationPlatforms) = preSolution
		Debug|Any CPU = Debug|Any CPU
		Release|Any CPU = Release|Any CPU
	EndGlobalSection
	GlobalSection(ProjectConfigurationPlatforms) = postSolution
		{58C4D8AE-5907-437D-BEB0-9A42909063A7}.Debug|Any CPU.ActiveCfg = Debug|Any CPU
		{58C4D8AE-5907-437D-BEB0-9A42909063A7}.Debug|Any CPU.Build.0 = Debug|Any CPU
		{58C4D8AE-5907-437D-BEB0-9A42909063A7}.Debug|Any CPU.Deploy.0 = Debug|Any CPU
		{58C4D8AE-5907-437D-BEB0-9A42909063A7}.Release|Any CPU.ActiveCfg = Release|Any CPU
		{58C4D8AE-5907-437D-BEB0-9A42909063A7}.Release|Any CPU.Build.0 = Release|Any CPU
		{58C4D8AE-5907-437D-BEB0-9A42909063A7}.Release|Any CPU.Deploy.0 = Release|Any CPU
	EndGlobalSection
	GlobalSection(SolutionProperties) = preSolution
		HideSolutionNode = FALSE
	EndGlobalSection
	GlobalSection(ExtensibilityGlobals) = postSolution
		SolutionGuid = {50264CFB-E7C3-4F6C-8542-DE1C35681283}
	EndGlobalSection
EndGlobal
